version = 1
requires-python = ">=3.11"

[[package]]
name = "psycopg2"
version = "2.9.10"
source = { registry = "https://pypi.org/simple" }
sdist = { url = "https://files.pythonhosted.org/packages/62/51/2007ea29e605957a17ac6357115d0c1a1b60c8c984951c19419b3474cdfd/psycopg2-2.9.10.tar.gz", hash = "sha256:12ec0b40b0273f95296233e8750441339298e6a572f7039da5b260e3c8b60e11", size = 385672 }
wheels = [
    { url = "https://files.pythonhosted.org/packages/20/a2/c51ca3e667c34e7852157b665e3d49418e68182081060231d514dd823225/psycopg2-2.9.10-cp311-cp311-win32.whl", hash = "sha256:47c4f9875125344f4c2b870e41b6aad585901318068acd01de93f3677a6522c2", size = 1024538 },
    { url = "https://files.pythonhosted.org/packages/33/39/5a9a229bb5414abeb86e33b8fc8143ab0aecce5a7f698a53e31367d30caa/psycopg2-2.9.10-cp311-cp311-win_amd64.whl", hash = "sha256:0435034157049f6846e95103bd8f5a668788dd913a7c30162ca9503fdf542cb4", size = 1163736 },
    { url = "https://files.pythonhosted.org/packages/3d/16/4623fad6076448df21c1a870c93a9774ad8a7b4dd1660223b59082dd8fec/psycopg2-2.9.10-cp312-cp312-win32.whl", hash = "sha256:65a63d7ab0e067e2cdb3cf266de39663203d38d6a8ed97f5ca0cb315c73fe067", size = 1025113 },
    { url = "https://files.pythonhosted.org/packages/66/de/baed128ae0fc07460d9399d82e631ea31a1f171c0c4ae18f9808ac6759e3/psycopg2-2.9.10-cp312-cp312-win_amd64.whl", hash = "sha256:4a579d6243da40a7b3182e0430493dbd55950c493d8c68f4eec0b302f6bbf20e", size = 1163951 },
]

[[package]]
name = "python-dotenv"
version = "1.0.1"
source = { registry = "https://pypi.org/simple" }
sdist = { url = "https://files.pythonhosted.org/packages/bc/57/e84d88dfe0aec03b7a2d4327012c1627ab5f03652216c63d49846d7a6c58/python-dotenv-1.0.1.tar.gz", hash = "sha256:e324ee90a023d808f1959c46bcbc04446a10ced277783dc6ee09987c37ec10ca", size = 39115 }
wheels = [
    { url = "https://files.pythonhosted.org/packages/6a/3e/b68c118422ec867fa7ab88444e1274aa40681c606d59ac27de5a5588f082/python_dotenv-1.0.1-py3-none-any.whl", hash = "sha256:f7b63ef50f1b690dddf550d03497b66d609393b40b564ed0d674909a68ebf16a", size = 19863 },
]

[[package]]
name = "relatorio-atual"
version = "0.1.0"
source = { virtual = "." }
dependencies = [
    { name = "psycopg2" },
    { name = "python-dotenv" },
]

[package.metadata]
requires-dist = [
    { name = "psycopg2", specifier = ">=2.9.10" },
    { name = "python-dotenv", specifier = ">=1.0.1" },
]
