version = 1
requires-python = ">=3.11"

[[package]]
name = "altgraph"
version = "0.17.4"
source = { registry = "https://pypi.org/simple" }
sdist = { url = "https://files.pythonhosted.org/packages/de/a8/7145824cf0b9e3c28046520480f207df47e927df83aa9555fb47f8505922/altgraph-0.17.4.tar.gz", hash = "sha256:1b5afbb98f6c4dcadb2e2ae6ab9fa994bbb8c1d75f4fa96d340f9437ae454406", size = 48418 }
wheels = [
    { url = "https://files.pythonhosted.org/packages/4d/3f/3bc3f1d83f6e4a7fcb834d3720544ca597590425be5ba9db032b2bf322a2/altgraph-0.17.4-py2.py3-none-any.whl", hash = "sha256:642743b4750de17e655e6711601b077bc6598dbfa3ba5fa2b2a35ce12b508dff", size = 21212 },
]

[[package]]
name = "macholib"
version = "1.16.3"
source = { registry = "https://pypi.org/simple" }
dependencies = [
    { name = "altgraph" },
]
sdist = { url = "https://files.pythonhosted.org/packages/95/ee/af1a3842bdd5902ce133bd246eb7ffd4375c38642aeb5dc0ae3a0329dfa2/macholib-1.16.3.tar.gz", hash = "sha256:07ae9e15e8e4cd9a788013d81f5908b3609aa76f9b1421bae9c4d7606ec86a30", size = 59309 }
wheels = [
    { url = "https://files.pythonhosted.org/packages/d1/5d/c059c180c84f7962db0aeae7c3b9303ed1d73d76f2bfbc32bc231c8be314/macholib-1.16.3-py2.py3-none-any.whl", hash = "sha256:0e315d7583d38b8c77e815b1ecbdbf504a8258d8b3e17b61165c6feb60d18f2c", size = 38094 },
]

[[package]]
name = "packaging"
version = "24.1"
source = { registry = "https://pypi.org/simple" }
sdist = { url = "https://files.pythonhosted.org/packages/51/65/50db4dda066951078f0a96cf12f4b9ada6e4b811516bf0262c0f4f7064d4/packaging-24.1.tar.gz", hash = "sha256:026ed72c8ed3fcce5bf8950572258698927fd1dbda10a5e981cdf0ac37f4f002", size = 148788 }
wheels = [
    { url = "https://files.pythonhosted.org/packages/08/aa/cc0199a5f0ad350994d660967a8efb233fe0416e4639146c089643407ce6/packaging-24.1-py3-none-any.whl", hash = "sha256:5b8f2217dbdbd2f7f384c41c628544e6d52f2d0f53c6d0c3ea61aa5d1d7ff124", size = 53985 },
]

[[package]]
name = "pefile"
version = "2023.2.7"
source = { registry = "https://pypi.org/simple" }
sdist = { url = "https://files.pythonhosted.org/packages/78/c5/3b3c62223f72e2360737fd2a57c30e5b2adecd85e70276879609a7403334/pefile-2023.2.7.tar.gz", hash = "sha256:82e6114004b3d6911c77c3953e3838654b04511b8b66e8583db70c65998017dc", size = 74854 }
wheels = [
    { url = "https://files.pythonhosted.org/packages/55/26/d0ad8b448476d0a1e8d3ea5622dc77b916db84c6aa3cb1e1c0965af948fc/pefile-2023.2.7-py3-none-any.whl", hash = "sha256:da185cd2af68c08a6cd4481f7325ed600a88f6a813bad9dea07ab3ef73d8d8d6", size = 71791 },
]

[[package]]
name = "psycopg2"
version = "2.9.10"
source = { registry = "https://pypi.org/simple" }
sdist = { url = "https://files.pythonhosted.org/packages/62/51/2007ea29e605957a17ac6357115d0c1a1b60c8c984951c19419b3474cdfd/psycopg2-2.9.10.tar.gz", hash = "sha256:12ec0b40b0273f95296233e8750441339298e6a572f7039da5b260e3c8b60e11", size = 385672 }
wheels = [
    { url = "https://files.pythonhosted.org/packages/20/a2/c51ca3e667c34e7852157b665e3d49418e68182081060231d514dd823225/psycopg2-2.9.10-cp311-cp311-win32.whl", hash = "sha256:47c4f9875125344f4c2b870e41b6aad585901318068acd01de93f3677a6522c2", size = 1024538 },
    { url = "https://files.pythonhosted.org/packages/33/39/5a9a229bb5414abeb86e33b8fc8143ab0aecce5a7f698a53e31367d30caa/psycopg2-2.9.10-cp311-cp311-win_amd64.whl", hash = "sha256:0435034157049f6846e95103bd8f5a668788dd913a7c30162ca9503fdf542cb4", size = 1163736 },
    { url = "https://files.pythonhosted.org/packages/3d/16/4623fad6076448df21c1a870c93a9774ad8a7b4dd1660223b59082dd8fec/psycopg2-2.9.10-cp312-cp312-win32.whl", hash = "sha256:65a63d7ab0e067e2cdb3cf266de39663203d38d6a8ed97f5ca0cb315c73fe067", size = 1025113 },
    { url = "https://files.pythonhosted.org/packages/66/de/baed128ae0fc07460d9399d82e631ea31a1f171c0c4ae18f9808ac6759e3/psycopg2-2.9.10-cp312-cp312-win_amd64.whl", hash = "sha256:4a579d6243da40a7b3182e0430493dbd55950c493d8c68f4eec0b302f6bbf20e", size = 1163951 },
]

[[package]]
name = "pyinstaller"
version = "6.11.0"
source = { registry = "https://pypi.org/simple" }
dependencies = [
    { name = "altgraph" },
    { name = "macholib", marker = "sys_platform == 'darwin'" },
    { name = "packaging" },
    { name = "pefile", marker = "sys_platform == 'win32'" },
    { name = "pyinstaller-hooks-contrib" },
    { name = "pywin32-ctypes", marker = "sys_platform == 'win32'" },
    { name = "setuptools" },
]
sdist = { url = "https://files.pythonhosted.org/packages/b0/98/170e3117657366560f355c154a5f4e1b9e6aee53c4f35127fe0c9aecb0e9/pyinstaller-6.11.0.tar.gz", hash = "sha256:cb4d433a3db30d9d17cf5f2cf7bb4df80a788d493c1d67dd822dc5791d9864af", size = 4245274 }
wheels = [
    { url = "https://files.pythonhosted.org/packages/4a/c5/17e1d226035d4fbc154908c12d96ab7ee385f8d788c96085adc912dbed5b/pyinstaller-6.11.0-py3-none-macosx_10_13_universal2.whl", hash = "sha256:6fd68a3c1207635c49326c54881b89d5c3bd9ba061bbc9daa58c0902db1be39e", size = 844428 },
    { url = "https://files.pythonhosted.org/packages/88/13/f15bc608d6c2cfcfb6f4628cd885e0f82da121210a375279a2bfac3c4c08/pyinstaller-6.11.0-py3-none-manylinux2014_aarch64.whl", hash = "sha256:eddd53f231e51adc65088eac4f40057ca803a990239828d4a9229407fb866239", size = 709617 },
    { url = "https://files.pythonhosted.org/packages/2e/ca/7276e3a19a9ab378eecafbcbead9183b344267c380e3a9c18b3040fd331d/pyinstaller-6.11.0-py3-none-manylinux2014_i686.whl", hash = "sha256:e6d229009e815542833fe00332b589aa6984a06f794dc16f2ce1acab1c567590", size = 711883 },
    { url = "https://files.pythonhosted.org/packages/68/7a/59f690b142db96f378e24c72a8a396ea2af6a41e66b06ebba9427d0b12fd/pyinstaller-6.11.0-py3-none-manylinux2014_ppc64le.whl", hash = "sha256:7d2cd2ebdcd6860f8a4abe2977264a7b6d260a7147047008971c7cfc66a656a4", size = 717051 },
    { url = "https://files.pythonhosted.org/packages/66/d4/30e27bca5d1ee919b3ea2c727315892ebae2dad32203771c66ca42eefac2/pyinstaller-6.11.0-py3-none-manylinux2014_s390x.whl", hash = "sha256:d9ec6d4398b4eebc1d4c00437716264ba8406bc2746f594e253070a82378a584", size = 707434 },
    { url = "https://files.pythonhosted.org/packages/58/a7/0e925c9e4351872e95e3cf96e58c859ecd43152aee29211d79ec9becb26e/pyinstaller-6.11.0-py3-none-manylinux2014_x86_64.whl", hash = "sha256:04f71828aa9531ab18c9656985c1f09b83d10332c73a1f4a113a48b491906955", size = 707917 },
    { url = "https://files.pythonhosted.org/packages/d6/c8/05980cdaf7124b26114acd80568d3f74c515057cc1c86886025e8b09a3df/pyinstaller-6.11.0-py3-none-musllinux_1_1_aarch64.whl", hash = "sha256:a843d470768d68b05684ccf4860c45b2eb13727f41667c0b2cd8f57ae231bd18", size = 712337 },
    { url = "https://files.pythonhosted.org/packages/7b/8f/357afd2b1b76961e43f727e7e2f8c01760b2f1497b0279ed4fdf4fe7e35e/pyinstaller-6.11.0-py3-none-musllinux_1_1_x86_64.whl", hash = "sha256:963dedc1f37144a4385f58f7f65f1c69c004a67faae522a2085b5ddb230c908b", size = 708315 },
    { url = "https://files.pythonhosted.org/packages/d5/4c/4e2c10b746e5cedf806c2df3a890faf2506cb4388e94672d59374d8dc17f/pyinstaller-6.11.0-py3-none-win32.whl", hash = "sha256:c71024c8a19c7b221b9152b2baff4c3ba849cada68dcdd34382ba09f0107451f", size = 1277392 },
    { url = "https://files.pythonhosted.org/packages/f0/45/8e609d66361cfd17ba89e07ae5ed1ca858d084e47f0fad3f9c277c96801b/pyinstaller-6.11.0-py3-none-win_amd64.whl", hash = "sha256:0e229610c22b96d741d905706f9496af472c1a9216a118988f393c98ecc3f51f", size = 1337562 },
    { url = "https://files.pythonhosted.org/packages/26/77/203dda3d02fe5c899ffbbdb1942f0adc750dabbe25e5a1558354fc672dd8/pyinstaller-6.11.0-py3-none-win_arm64.whl", hash = "sha256:a5f716bb507517912fda39d109dead91fc0dd2e7b2859562522b63c61aa21676", size = 1264356 },
]

[[package]]
name = "pyinstaller-hooks-contrib"
version = "2024.9"
source = { registry = "https://pypi.org/simple" }
dependencies = [
    { name = "packaging" },
    { name = "setuptools" },
]
sdist = { url = "https://files.pythonhosted.org/packages/fe/ca/218b8dc15d48e69fafef69a97a4455db7a01c01aea4eb4bf1ae8a6ad7ef9/pyinstaller_hooks_contrib-2024.9.tar.gz", hash = "sha256:4793869f370d1dc4806c101efd2890e3c3e703467d8d27bb5a3db005ebfb008d", size = 139956 }
wheels = [
    { url = "https://files.pythonhosted.org/packages/57/b4/23338112c76750f494a2fded981d40ebd723585b2b6eadde6a821ddc7208/pyinstaller_hooks_contrib-2024.9-py3-none-any.whl", hash = "sha256:1ddf9ba21d586afa84e505bb5c65fca10b22500bf3fdb89ee2965b99da53b891", size = 336956 },
]

[[package]]
name = "python-dotenv"
version = "1.0.1"
source = { registry = "https://pypi.org/simple" }
sdist = { url = "https://files.pythonhosted.org/packages/bc/57/e84d88dfe0aec03b7a2d4327012c1627ab5f03652216c63d49846d7a6c58/python-dotenv-1.0.1.tar.gz", hash = "sha256:e324ee90a023d808f1959c46bcbc04446a10ced277783dc6ee09987c37ec10ca", size = 39115 }
wheels = [
    { url = "https://files.pythonhosted.org/packages/6a/3e/b68c118422ec867fa7ab88444e1274aa40681c606d59ac27de5a5588f082/python_dotenv-1.0.1-py3-none-any.whl", hash = "sha256:f7b63ef50f1b690dddf550d03497b66d609393b40b564ed0d674909a68ebf16a", size = 19863 },
]

[[package]]
name = "pywin32-ctypes"
version = "0.2.3"
source = { registry = "https://pypi.org/simple" }
sdist = { url = "https://files.pythonhosted.org/packages/85/9f/01a1a99704853cb63f253eea009390c88e7131c67e66a0a02099a8c917cb/pywin32-ctypes-0.2.3.tar.gz", hash = "sha256:d162dc04946d704503b2edc4d55f3dba5c1d539ead017afa00142c38b9885755", size = 29471 }
wheels = [
    { url = "https://files.pythonhosted.org/packages/de/3d/8161f7711c017e01ac9f008dfddd9410dff3674334c233bde66e7ba65bbf/pywin32_ctypes-0.2.3-py3-none-any.whl", hash = "sha256:8a1513379d709975552d202d942d9837758905c8d01eb82b8bcc30918929e7b8", size = 30756 },
]

[[package]]
name = "relatorio-atual"
version = "0.1.0"
source = { virtual = "." }
dependencies = [
    { name = "psycopg2" },
    { name = "pyinstaller" },
    { name = "python-dotenv" },
]

[package.metadata]
requires-dist = [
    { name = "psycopg2", specifier = ">=2.9.10" },
    { name = "pyinstaller", specifier = ">=6.11.0" },
    { name = "python-dotenv", specifier = ">=1.0.1" },
]

[[package]]
name = "setuptools"
version = "75.3.0"
source = { registry = "https://pypi.org/simple" }
sdist = { url = "https://files.pythonhosted.org/packages/ed/22/a438e0caa4576f8c383fa4d35f1cc01655a46c75be358960d815bfbb12bd/setuptools-75.3.0.tar.gz", hash = "sha256:fba5dd4d766e97be1b1681d98712680ae8f2f26d7881245f2ce9e40714f1a686", size = 1351577 }
wheels = [
    { url = "https://files.pythonhosted.org/packages/90/12/282ee9bce8b58130cb762fbc9beabd531549952cac11fc56add11dcb7ea0/setuptools-75.3.0-py3-none-any.whl", hash = "sha256:f2504966861356aa38616760c0f66568e535562374995367b4e69c7143cf6bcd", size = 1251070 },
]
